
Microsoft Visual Studio Solution File, Format Version 12.00
# Visual Studio Version 16
VisualStudioVersion = 16.0.30413.136
MinimumVisualStudioVersion = 10.0.40219.1
Project("{FAE04EC0-301F-11D3-BF4B-00C04F79EFBC}") = "s2lb3", "s2lb3\s2lb3.csproj", "{27A7CBE5-8FDD-4DA3-8082-996F8C8F638F}"
EndProject
Global
	GlobalSection(SolutionConfigurationPlatforms) = preSolution
		Debug|Any CPU = Debug|Any CPU
		Release|Any CPU = Release|Any CPU
	EndGlobalSection
	GlobalSection(ProjectConfigurationPlatforms) = postSolution
		{27A7CBE5-8FDD-4DA3-8082-996F8C8F638F}.Debug|Any CPU.ActiveCfg = Debug|Any CPU
		{27A7CBE5-8FDD-4DA3-8082-996F8C8F638F}.Debug|Any CPU.Build.0 = Debug|Any CPU
		{27A7CBE5-8FDD-4DA3-8082-996F8C8F638F}.Release|Any CPU.ActiveCfg = Release|Any CPU
		{27A7CBE5-8FDD-4DA3-8082-996F8C8F638F}.Release|Any CPU.Build.0 = Release|Any CPU
	EndGlobalSection
	GlobalSection(SolutionProperties) = preSolution
		HideSolutionNode = FALSE
	EndGlobalSection
	GlobalSection(ExtensibilityGlobals) = postSolution
		SolutionGuid = {A12BA88A-C651-4AC5-8E11-D4153FE2D2BA}
	EndGlobalSection
EndGlobal
